
Microsoft Visual Studio Solution File, Format Version 12.00
# Visual Studio 15
VisualStudioVersion = 15.0.28307.329
MinimumVisualStudioVersion = 10.0.40219.1
Project("{FAE04EC0-301F-11D3-BF4B-00C04F79EFBC}") = "Herencia", "Herencia\Herencia.csproj", "{CFBD7F53-D62C-4BE4-9AE1-B64137D86251}"
EndProject
Project("{FAE04EC0-301F-11D3-BF4B-00C04F79EFBC}") = "UIVehiculosConsole", "UIVehiculosConsole\UIVehiculosConsole.csproj", "{477DB9CC-8B68-4781-947F-17D39306B795}"
EndProject
Project("{FAE04EC0-301F-11D3-BF4B-00C04F79EFBC}") = "FormularioVehiculos", "FormularioVehiculos\FormularioVehiculos.csproj", "{866A446A-941C-48DD-AFBE-99738576A491}"
EndProject
Global
	GlobalSection(SolutionConfigurationPlatforms) = preSolution
		Debug|Any CPU = Debug|Any CPU
		Release|Any CPU = Release|Any CPU
	EndGlobalSection
	GlobalSection(ProjectConfigurationPlatforms) = postSolution
		{CFBD7F53-D62C-4BE4-9AE1-B64137D86251}.Debug|Any CPU.ActiveCfg = Debug|Any CPU
		{CFBD7F53-D62C-4BE4-9AE1-B64137D86251}.Debug|Any CPU.Build.0 = Debug|Any CPU
		{CFBD7F53-D62C-4BE4-9AE1-B64137D86251}.Release|Any CPU.ActiveCfg = Release|Any CPU
		{CFBD7F53-D62C-4BE4-9AE1-B64137D86251}.Release|Any CPU.Build.0 = Release|Any CPU
		{477DB9CC-8B68-4781-947F-17D39306B795}.Debug|Any CPU.ActiveCfg = Debug|Any CPU
		{477DB9CC-8B68-4781-947F-17D39306B795}.Debug|Any CPU.Build.0 = Debug|Any CPU
		{477DB9CC-8B68-4781-947F-17D39306B795}.Release|Any CPU.ActiveCfg = Release|Any CPU
		{477DB9CC-8B68-4781-947F-17D39306B795}.Release|Any CPU.Build.0 = Release|Any CPU
		{866A446A-941C-48DD-AFBE-99738576A491}.Debug|Any CPU.ActiveCfg = Debug|Any CPU
		{866A446A-941C-48DD-AFBE-99738576A491}.Debug|Any CPU.Build.0 = Debug|Any CPU
		{866A446A-941C-48DD-AFBE-99738576A491}.Release|Any CPU.ActiveCfg = Release|Any CPU
		{866A446A-941C-48DD-AFBE-99738576A491}.Release|Any CPU.Build.0 = Release|Any CPU
	EndGlobalSection
	GlobalSection(SolutionProperties) = preSolution
		HideSolutionNode = FALSE
	EndGlobalSection
	GlobalSection(ExtensibilityGlobals) = postSolution
		SolutionGuid = {97D4A586-C3AA-403F-8225-C06C69817125}
	EndGlobalSection
EndGlobal
